
Microsoft Visual Studio Solution File, Format Version 12.00
# Visual Studio Version 17
VisualStudioVersion = 17.4.33205.214
MinimumVisualStudioVersion = 10.0.40219.1
Project("{FAE04EC0-301F-11D3-BF4B-00C04F79EFBC}") = "CockatriceDMcards", "CockatriceDMcards\CockatriceDMcards.csproj", "{38715C18-8F54-4B15-B5D8-C2B4BF17BC73}"
EndProject
Global
	GlobalSection(SolutionConfigurationPlatforms) = preSolution
		Debug|Any CPU = Debug|Any CPU
		Release|Any CPU = Release|Any CPU
	EndGlobalSection
	GlobalSection(ProjectConfigurationPlatforms) = postSolution
		{38715C18-8F54-4B15-B5D8-C2B4BF17BC73}.Debug|Any CPU.ActiveCfg = Debug|Any CPU
		{38715C18-8F54-4B15-B5D8-C2B4BF17BC73}.Debug|Any CPU.Build.0 = Debug|Any CPU
		{38715C18-8F54-4B15-B5D8-C2B4BF17BC73}.Release|Any CPU.ActiveCfg = Release|Any CPU
		{38715C18-8F54-4B15-B5D8-C2B4BF17BC73}.Release|Any CPU.Build.0 = Release|Any CPU
	EndGlobalSection
	GlobalSection(SolutionProperties) = preSolution
		HideSolutionNode = FALSE
	EndGlobalSection
	GlobalSection(ExtensibilityGlobals) = postSolution
		SolutionGuid = {4347FF2A-4C2C-4F23-9FBE-BC68EC7CB632}
	EndGlobalSection
EndGlobal
